// !$*UTF8*$!
{
	archiveVersion = 1;
	classes = {
	};
	objectVersion = 56;
	objects = {

/* Begin PBXBuildFile section */
		E445CDD629C9209600F07ACF /* RandomReminderApp.swift in Sources */ = {isa = PBXBuildFile; fileRef = E445CDD529C9209600F07ACF /* RandomReminderApp.swift */; };
		E445CDD829C9209600F07ACF /* ContentView.swift in Sources */ = {isa = PBXBuildFile; fileRef = E445CDD729C9209600F07ACF /* ContentView.swift */; };
		E445CDDA29C9209700F07ACF /* Assets.xcassets in Resources */ = {isa = PBXBuildFile; fileRef = E445CDD929C9209700F07ACF /* Assets.xcassets */; };
		E445CDDE29C9209700F07ACF /* Preview Assets.xcassets in Resources */ = {isa = PBXBuildFile; fileRef = E445CDDD29C9209700F07ACF /* Preview Assets.xcassets */; };
		E445CDE829C9209700F07ACF /* RandomReminderTests.swift in Sources */ = {isa = PBXBuildFile; fileRef = E445CDE729C9209700F07ACF /* RandomReminderTests.swift */; };
		E445CDF229C9209700F07ACF /* RandomReminderUITests.swift in Sources */ = {isa = PBXBuildFile; fileRef = E445CDF129C9209700F07ACF /* RandomReminderUITests.swift */; };
		E445CDF429C9209700F07ACF /* RandomReminderUITestsLaunchTests.swift in Sources */ = {isa = PBXBuildFile; fileRef = E445CDF329C9209700F07ACF /* RandomReminderUITestsLaunchTests.swift */; };
/* End PBXBuildFile section */

/* Begin PBXContainerItemProxy section */
		E445CDE429C9209700F07ACF /* PBXContainerItemProxy */ = {
			isa = PBXContainerItemProxy;
			containerPortal = E445CDCA29C9209600F07ACF /* Project object */;
			proxyType = 1;
			remoteGlobalIDString = E445CDD129C9209600F07ACF;
			remoteInfo = RandomReminder;
		};
		E445CDEE29C9209700F07ACF /* PBXContainerItemProxy */ = {
			isa = PBXContainerItemProxy;
			containerPortal = E445CDCA29C9209600F07ACF /* Project object */;
			proxyType = 1;
			remoteGlobalIDString = E445CDD129C9209600F07ACF;
			remoteInfo = RandomReminder;
		};
/* End PBXContainerItemProxy section */

/* Begin PBXFileReference section */
		E445CDD229C9209600F07ACF /* RandomReminder.app */ = {isa = PBXFileReference; explicitFileType = wrapper.application; includeInIndex = 0; path = RandomReminder.app; sourceTree = BUILT_PRODUCTS_DIR; };
		E445CDD529C9209600F07ACF /* RandomReminderApp.swift */ = {isa = PBXFileReference; lastKnownFileType = sourcecode.swift; path = RandomReminderApp.swift; sourceTree = "<group>"; };
		E445CDD729C9209600F07ACF /* ContentView.swift */ = {isa = PBXFileReference; lastKnownFileType = sourcecode.swift; path = ContentView.swift; sourceTree = "<group>"; };
		E445CDD929C9209700F07ACF /* Assets.xcassets */ = {isa = PBXFileReference; lastKnownFileType = folder.assetcatalog; path = Assets.xcassets; sourceTree = "<group>"; };
		E445CDDB29C9209700F07ACF /* RandomReminder.entitlements */ = {isa = PBXFileReference; lastKnownFileType = text.plist.entitlements; path = RandomReminder.entitlements; sourceTree = "<group>"; };
		E445CDDD29C9209700F07ACF /* Preview Assets.xcassets */ = {isa = PBXFileReference; lastKnownFileType = folder.assetcatalog; path = "Preview Assets.xcassets"; sourceTree = "<group>"; };
		E445CDE329C9209700F07ACF /* RandomReminderTests.xctest */ = {isa = PBXFileReference; explicitFileType = wrapper.cfbundle; includeInIndex = 0; path = RandomReminderTests.xctest; sourceTree = BUILT_PRODUCTS_DIR; };
		E445CDE729C9209700F07ACF /* RandomReminderTests.swift */ = {isa = PBXFileReference; lastKnownFileType = sourcecode.swift; path = RandomReminderTests.swift; sourceTree = "<group>"; };
		E445CDED29C9209700F07ACF /* RandomReminderUITests.xctest */ = {isa = PBXFileReference; explicitFileType = wrapper.cfbundle; includeInIndex = 0; path = RandomReminderUITests.xctest; sourceTree = BUILT_PRODUCTS_DIR; };
		E445CDF129C9209700F07ACF /* RandomReminderUITests.swift */ = {isa = PBXFileReference; lastKnownFileType = sourcecode.swift; path = RandomReminderUITests.swift; sourceTree = "<group>"; };
		E445CDF329C9209700F07ACF /* RandomReminderUITestsLaunchTests.swift */ = {isa = PBXFileReference; lastKnownFileType = sourcecode.swift; path = RandomReminderUITestsLaunchTests.swift; sourceTree = "<group>"; };
/* End PBXFileReference section */

/* Begin PBXFrameworksBuildPhase section */
		E445CDCF29C9209600F07ACF /* Frameworks */ = {
			isa = PBXFrameworksBuildPhase;
			buildActionMask = 2147483647;
			files = (
			);
			runOnlyForDeploymentPostprocessing = 0;
		};
		E445CDE029C9209700F07ACF /* Frameworks */ = {
			isa = PBXFrameworksBuildPhase;
			buildActionMask = 2147483647;
			files = (
			);
			runOnlyForDeploymentPostprocessing = 0;
		};
		E445CDEA29C9209700F07ACF /* Frameworks */ = {
			isa = PBXFrameworksBuildPhase;
			buildActionMask = 2147483647;
			files = (
			);
			runOnlyForDeploymentPostprocessing = 0;
		};
/* End PBXFrameworksBuildPhase section */

/* Begin PBXGroup section */
		E445CDC929C9209600F07ACF = {
			isa = PBXGroup;
			children = (
				E445CDD429C9209600F07ACF /* RandomReminder */,
				E445CDE629C9209700F07ACF /* RandomReminderTests */,
				E445CDF029C9209700F07ACF /* RandomReminderUITests */,
				E445CDD329C9209600F07ACF /* Products */,
			);
			sourceTree = "<group>";
		};
		E445CDD329C9209600F07ACF /* Products */ = {
			isa = PBXGroup;
			children = (
				E445CDD229C9209600F07ACF /* RandomReminder.app */,
				E445CDE329C9209700F07ACF /* RandomReminderTests.xctest */,
				E445CDED29C9209700F07ACF /* RandomReminderUITests.xctest */,
			);
			name = Products;
			sourceTree = "<group>";
		};
		E445CDD429C9209600F07ACF /* RandomReminder */ = {
			isa = PBXGroup;
			children = (
				E445CDD529C9209600F07ACF /* RandomReminderApp.swift */,
				E445CDD729C9209600F07ACF /* ContentView.swift */,
				E445CDD929C9209700F07ACF /* Assets.xcassets */,
				E445CDDB29C9209700F07ACF /* RandomReminder.entitlements */,
				E445CDDC29C9209700F07ACF /* Preview Content */,
			);
			path = RandomReminder;
			sourceTree = "<group>";
		};
		E445CDDC29C9209700F07ACF /* Preview Content */ = {
			isa = PBXGroup;
			children = (
				E445CDDD29C9209700F07ACF /* Preview Assets.xcassets */,
			);
			path = "Preview Content";
			sourceTree = "<group>";
		};
		E445CDE629C9209700F07ACF /* RandomReminderTests */ = {
			isa = PBXGroup;
			children = (
				E445CDE729C9209700F07ACF /* RandomReminderTests.swift */,
			);
			path = RandomReminderTests;
			sourceTree = "<group>";
		};
		E445CDF029C9209700F07ACF /* RandomReminderUITests */ = {
			isa = PBXGroup;
			children = (
				E445CDF129C9209700F07ACF /* RandomReminderUITests.swift */,
				E445CDF329C9209700F07ACF /* RandomReminderUITestsLaunchTests.swift */,
			);
			path = RandomReminderUITests;
			sourceTree = "<group>";
		};
/* End PBXGroup section */

/* Begin PBXNativeTarget section */
		E445CDD129C9209600F07ACF /* RandomReminder */ = {
			isa = PBXNativeTarget;
			buildConfigurationList = E445CDF729C9209700F07ACF /* Build configuration list for PBXNativeTarget "RandomReminder" */;
			buildPhases = (
				E445CDCE29C9209600F07ACF /* Sources */,
				E445CDCF29C9209600F07ACF /* Frameworks */,
				E445CDD029C9209600F07ACF /* Resources */,
			);
			buildRules = (
			);
			dependencies = (
			);
			name = RandomReminder;
			productName = RandomReminder;
			productReference = E445CDD229C9209600F07ACF /* RandomReminder.app */;
			productType = "com.apple.product-type.application";
		};
		E445CDE229C9209700F07ACF /* RandomReminderTests */ = {
			isa = PBXNativeTarget;
			buildConfigurationList = E445CDFA29C9209700F07ACF /* Build configuration list for PBXNativeTarget "RandomReminderTests" */;
			buildPhases = (
				E445CDDF29C9209700F07ACF /* Sources */,
				E445CDE029C9209700F07ACF /* Frameworks */,
				E445CDE129C9209700F07ACF /* Resources */,
			);
			buildRules = (
			);
			dependencies = (
				E445CDE529C9209700F07ACF /* PBXTargetDependency */,
			);
			name = RandomReminderTests;
			productName = RandomReminderTests;
			productReference = E445CDE329C9209700F07ACF /* RandomReminderTests.xctest */;
			productType = "com.apple.product-type.bundle.unit-test";
		};
		E445CDEC29C9209700F07ACF /* RandomReminderUITests */ = {
			isa = PBXNativeTarget;
			buildConfigurationList = E445CDFD29C9209700F07ACF /* Build configuration list for PBXNativeTarget "RandomReminderUITests" */;
			buildPhases = (
				E445CDE929C9209700F07ACF /* Sources */,
				E445CDEA29C9209700F07ACF /* Frameworks */,
				E445CDEB29C9209700F07ACF /* Resources */,
			);
			buildRules = (
			);
			dependencies = (
				E445CDEF29C9209700F07ACF /* PBXTargetDependency */,
			);
			name = RandomReminderUITests;
			productName = RandomReminderUITests;
			productReference = E445CDED29C9209700F07ACF /* RandomReminderUITests.xctest */;
			productType = "com.apple.product-type.bundle.ui-testing";
		};
/* End PBXNativeTarget section */

/* Begin PBXProject section */
		E445CDCA29C9209600F07ACF /* Project object */ = {
			isa = PBXProject;
			attributes = {
				BuildIndependentTargetsInParallel = 1;
				LastSwiftUpdateCheck = 1420;
				LastUpgradeCheck = 1420;
				TargetAttributes = {
					E445CDD129C9209600F07ACF = {
						CreatedOnToolsVersion = 14.2;
					};
					E445CDE229C9209700F07ACF = {
						CreatedOnToolsVersion = 14.2;
						TestTargetID = E445CDD129C9209600F07ACF;
					};
					E445CDEC29C9209700F07ACF = {
						CreatedOnToolsVersion = 14.2;
						TestTargetID = E445CDD129C9209600F07ACF;
					};
				};
			};
			buildConfigurationList = E445CDCD29C9209600F07ACF /* Build configuration list for PBXProject "RandomReminder" */;
			compatibilityVersion = "Xcode 14.0";
			developmentRegion = en;
			hasScannedForEncodings = 0;
			knownRegions = (
				en,
				Base,
			);
			mainGroup = E445CDC929C9209600F07ACF;
			productRefGroup = E445CDD329C9209600F07ACF /* Products */;
			projectDirPath = "";
			projectRoot = "";
			targets = (
				E445CDD129C9209600F07ACF /* RandomReminder */,
				E445CDE229C9209700F07ACF /* RandomReminderTests */,
				E445CDEC29C9209700F07ACF /* RandomReminderUITests */,
			);
		};
/* End PBXProject section */

/* Begin PBXResourcesBuildPhase section */
		E445CDD029C9209600F07ACF /* Resources */ = {
			isa = PBXResourcesBuildPhase;
			buildActionMask = 2147483647;
			files = (
				E445CDDE29C9209700F07ACF /* Preview Assets.xcassets in Resources */,
				E445CDDA29C9209700F07ACF /* Assets.xcassets in Resources */,
			);
			runOnlyForDeploymentPostprocessing = 0;
		};
		E445CDE129C9209700F07ACF /* Resources */ = {
			isa = PBXResourcesBuildPhase;
			buildActionMask = 2147483647;
			files = (
			);
			runOnlyForDeploymentPostprocessing = 0;
		};
		E445CDEB29C9209700F07ACF /* Resources */ = {
			isa = PBXResourcesBuildPhase;
			buildActionMask = 2147483647;
			files = (
			);
			runOnlyForDeploymentPostprocessing = 0;
		};
/* End PBXResourcesBuildPhase section */

/* Begin PBXSourcesBuildPhase section */
		E445CDCE29C9209600F07ACF /* Sources */ = {
			isa = PBXSourcesBuildPhase;
			buildActionMask = 2147483647;
			files = (
				E445CDD829C9209600F07ACF /* ContentView.swift in Sources */,
				E445CDD629C9209600F07ACF /* RandomReminderApp.swift in Sources */,
			);
			runOnlyForDeploymentPostprocessing = 0;
		};
		E445CDDF29C9209700F07ACF /* Sources */ = {
			isa = PBXSourcesBuildPhase;
			buildActionMask = 2147483647;
			files = (
				E445CDE829C9209700F07ACF /* RandomReminderTests.swift in Sources */,
			);
			runOnlyForDeploymentPostprocessing = 0;
		};
		E445CDE929C9209700F07ACF /* Sources */ = {
			isa = PBXSourcesBuildPhase;
			buildActionMask = 2147483647;
			files = (
				E445CDF229C9209700F07ACF /* RandomReminderUITests.swift in Sources */,
				E445CDF429C9209700F07ACF /* RandomReminderUITestsLaunchTests.swift in Sources */,
			);
			runOnlyForDeploymentPostprocessing = 0;
		};
/* End PBXSourcesBuildPhase section */

/* Begin PBXTargetDependency section */
		E445CDE529C9209700F07ACF /* PBXTargetDependency */ = {
			isa = PBXTargetDependency;
			target = E445CDD129C9209600F07ACF /* RandomReminder */;
			targetProxy = E445CDE429C9209700F07ACF /* PBXContainerItemProxy */;
		};
		E445CDEF29C9209700F07ACF /* PBXTargetDependency */ = {
			isa = PBXTargetDependency;
			target = E445CDD129C9209600F07ACF /* RandomReminder */;
			targetProxy = E445CDEE29C9209700F07ACF /* PBXContainerItemProxy */;
		};
/* End PBXTargetDependency section */

/* Begin XCBuildConfiguration section */
		E445CDF529C9209700F07ACF /* Debug */ = {
			isa = XCBuildConfiguration;
			buildSettings = {
				ALWAYS_SEARCH_USER_PATHS = NO;
				CLANG_ANALYZER_NONNULL = YES;
				CLANG_ANALYZER_NUMBER_OBJECT_CONVERSION = YES_AGGRESSIVE;
				CLANG_CXX_LANGUAGE_STANDARD = "gnu++20";
				CLANG_ENABLE_MODULES = YES;
				CLANG_ENABLE_OBJC_ARC = YES;
				CLANG_ENABLE_OBJC_WEAK = YES;
				CLANG_WARN_BLOCK_CAPTURE_AUTORELEASING = YES;
				CLANG_WARN_BOOL_CONVERSION = YES;
				CLANG_WARN_COMMA = YES;
				CLANG_WARN_CONSTANT_CONVERSION = YES;
				CLANG_WARN_DEPRECATED_OBJC_IMPLEMENTATIONS = YES;
				CLANG_WARN_DIRECT_OBJC_ISA_USAGE = YES_ERROR;
				CLANG_WARN_DOCUMENTATION_COMMENTS = YES;
				CLANG_WARN_EMPTY_BODY = YES;
				CLANG_WARN_ENUM_CONVERSION = YES;
				CLANG_WARN_INFINITE_RECURSION = YES;
				CLANG_WARN_INT_CONVERSION = YES;
				CLANG_WARN_NON_LITERAL_NULL_CONVERSION = YES;
				CLANG_WARN_OBJC_IMPLICIT_RETAIN_SELF = YES;
				CLANG_WARN_OBJC_LITERAL_CONVERSION = YES;
				CLANG_WARN_OBJC_ROOT_CLASS = YES_ERROR;
				CLANG_WARN_QUOTED_INCLUDE_IN_FRAMEWORK_HEADER = YES;
				CLANG_WARN_RANGE_LOOP_ANALYSIS = YES;
				CLANG_WARN_STRICT_PROTOTYPES = YES;
				CLANG_WARN_SUSPICIOUS_MOVE = YES;
				CLANG_WARN_UNGUARDED_AVAILABILITY = YES_AGGRESSIVE;
				CLANG_WARN_UNREACHABLE_CODE = YES;
				CLANG_WARN__DUPLICATE_METHOD_MATCH = YES;
				COPY_PHASE_STRIP = NO;
				DEBUG_INFORMATION_FORMAT = dwarf;
				ENABLE_STRICT_OBJC_MSGSEND = YES;
				ENABLE_TESTABILITY = YES;
				GCC_C_LANGUAGE_STANDARD = gnu11;
				GCC_DYNAMIC_NO_PIC = NO;
				GCC_NO_COMMON_BLOCKS = YES;
				GCC_OPTIMIZATION_LEVEL = 0;
				GCC_PREPROCESSOR_DEFINITIONS = (
					"DEBUG=1",
					"$(inherited)",
				);
				GCC_WARN_64_TO_32_BIT_CONVERSION = YES;
				GCC_WARN_ABOUT_RETURN_TYPE = YES_ERROR;
				GCC_WARN_UNDECLARED_SELECTOR = YES;
				GCC_WARN_UNINITIALIZED_AUTOS = YES_AGGRESSIVE;
				GCC_WARN_UNUSED_FUNCTION = YES;
				GCC_WARN_UNUSED_VARIABLE = YES;
				MTL_ENABLE_DEBUG_INFO = INCLUDE_SOURCE;
				MTL_FAST_MATH = YES;
				ONLY_ACTIVE_ARCH = YES;
				SWIFT_ACTIVE_COMPILATION_CONDITIONS = DEBUG;
				SWIFT_OPTIMIZATION_LEVEL = "-Onone";
			};
			name = Debug;
		};
		E445CDF629C9209700F07ACF /* Release */ = {
			isa = XCBuildConfiguration;
			buildSettings = {
				ALWAYS_SEARCH_USER_PATHS = NO;
				CLANG_ANALYZER_NONNULL = YES;
				CLANG_ANALYZER_NUMBER_OBJECT_CONVERSION = YES_AGGRESSIVE;
				CLANG_CXX_LANGUAGE_STANDARD = "gnu++20";
				CLANG_ENABLE_MODULES = YES;
				CLANG_ENABLE_OBJC_ARC = YES;
				CLANG_ENABLE_OBJC_WEAK = YES;
				CLANG_WARN_BLOCK_CAPTURE_AUTORELEASING = YES;
				CLANG_WARN_BOOL_CONVERSION = YES;
				CLANG_WARN_COMMA = YES;
				CLANG_WARN_CONSTANT_CONVERSION = YES;
				CLANG_WARN_DEPRECATED_OBJC_IMPLEMENTATIONS = YES;
				CLANG_WARN_DIRECT_OBJC_ISA_USAGE = YES_ERROR;
				CLANG_WARN_DOCUMENTATION_COMMENTS = YES;
				CLANG_WARN_EMPTY_BODY = YES;
				CLANG_WARN_ENUM_CONVERSION = YES;
				CLANG_WARN_INFINITE_RECURSION = YES;
				CLANG_WARN_INT_CONVERSION = YES;
				CLANG_WARN_NON_LITERAL_NULL_CONVERSION = YES;
				CLANG_WARN_OBJC_IMPLICIT_RETAIN_SELF = YES;
				CLANG_WARN_OBJC_LITERAL_CONVERSION = YES;
				CLANG_WARN_OBJC_ROOT_CLASS = YES_ERROR;
				CLANG_WARN_QUOTED_INCLUDE_IN_FRAMEWORK_HEADER = YES;
				CLANG_WARN_RANGE_LOOP_ANALYSIS = YES;
				CLANG_WARN_STRICT_PROTOTYPES = YES;
				CLANG_WARN_SUSPICIOUS_MOVE = YES;
				CLANG_WARN_UNGUARDED_AVAILABILITY = YES_AGGRESSIVE;
				CLANG_WARN_UNREACHABLE_CODE = YES;
				CLANG_WARN__DUPLICATE_METHOD_MATCH = YES;
				COPY_PHASE_STRIP = NO;
				DEBUG_INFORMATION_FORMAT = "dwarf-with-dsym";
				ENABLE_NS_ASSERTIONS = NO;
				ENABLE_STRICT_OBJC_MSGSEND = YES;
				GCC_C_LANGUAGE_STANDARD = gnu11;
				GCC_NO_COMMON_BLOCKS = YES;
				GCC_WARN_64_TO_32_BIT_CONVERSION = YES;
				GCC_WARN_ABOUT_RETURN_TYPE = YES_ERROR;
				GCC_WARN_UNDECLARED_SELECTOR = YES;
				GCC_WARN_UNINITIALIZED_AUTOS = YES_AGGRESSIVE;
				GCC_WARN_UNUSED_FUNCTION = YES;
				GCC_WARN_UNUSED_VARIABLE = YES;
				MTL_ENABLE_DEBUG_INFO = NO;
				MTL_FAST_MATH = YES;
				SWIFT_COMPILATION_MODE = wholemodule;
				SWIFT_OPTIMIZATION_LEVEL = "-O";
			};
			name = Release;
		};
		E445CDF829C9209700F07ACF /* Debug */ = {
			isa = XCBuildConfiguration;
			buildSettings = {
				ASSETCATALOG_COMPILER_APPICON_NAME = AppIcon;
				ASSETCATALOG_COMPILER_GLOBAL_ACCENT_COLOR_NAME = AccentColor;
				CODE_SIGN_ENTITLEMENTS = RandomReminder/RandomReminder.entitlements;
				CODE_SIGN_STYLE = Automatic;
				CURRENT_PROJECT_VERSION = 1;
				DEVELOPMENT_ASSET_PATHS = "\"RandomReminder/Preview Content\"";
				DEVELOPMENT_TEAM = W9299UY4N9;
				ENABLE_HARDENED_RUNTIME = YES;
				ENABLE_PREVIEWS = YES;
				GENERATE_INFOPLIST_FILE = YES;
				"INFOPLIST_KEY_UIApplicationSceneManifest_Generation[sdk=iphoneos*]" = YES;
				"INFOPLIST_KEY_UIApplicationSceneManifest_Generation[sdk=iphonesimulator*]" = YES;
				"INFOPLIST_KEY_UIApplicationSupportsIndirectInputEvents[sdk=iphoneos*]" = YES;
				"INFOPLIST_KEY_UIApplicationSupportsIndirectInputEvents[sdk=iphonesimulator*]" = YES;
				"INFOPLIST_KEY_UILaunchScreen_Generation[sdk=iphoneos*]" = YES;
				"INFOPLIST_KEY_UILaunchScreen_Generation[sdk=iphonesimulator*]" = YES;
				"INFOPLIST_KEY_UIStatusBarStyle[sdk=iphoneos*]" = UIStatusBarStyleDefault;
				"INFOPLIST_KEY_UIStatusBarStyle[sdk=iphonesimulator*]" = UIStatusBarStyleDefault;
				INFOPLIST_KEY_UISupportedInterfaceOrientations_iPad = "UIInterfaceOrientationPortrait UIInterfaceOrientationPortraitUpsideDown UIInterfaceOrientationLandscapeLeft UIInterfaceOrientationLandscapeRight";
				INFOPLIST_KEY_UISupportedInterfaceOrientations_iPhone = "UIInterfaceOrientationPortrait UIInterfaceOrientationLandscapeLeft UIInterfaceOrientationLandscapeRight";
				IPHONEOS_DEPLOYMENT_TARGET = 16.2;
				LD_RUNPATH_SEARCH_PATHS = "@executable_path/Frameworks";
				"LD_RUNPATH_SEARCH_PATHS[sdk=macosx*]" = "@executable_path/../Frameworks";
				MACOSX_DEPLOYMENT_TARGET = 13.1;
				MARKETING_VERSION = 1.0;
				PRODUCT_BUNDLE_IDENTIFIER = carrism.RandomReminder;
				PRODUCT_NAME = "$(TARGET_NAME)";
				SDKROOT = auto;
				SUPPORTED_PLATFORMS = "iphoneos iphonesimulator macosx";
				SWIFT_EMIT_LOC_STRINGS = YES;
				SWIFT_VERSION = 5.0;
				TARGETED_DEVICE_FAMILY = "1,2";
			};
			name = Debug;
		};
		E445CDF929C9209700F07ACF /* Release */ = {
			isa = XCBuildConfiguration;
			buildSettings = {
				ASSETCATALOG_COMPILER_APPICON_NAME = AppIcon;
				ASSETCATALOG_COMPILER_GLOBAL_ACCENT_COLOR_NAME = AccentColor;
				CODE_SIGN_ENTITLEMENTS = RandomReminder/RandomReminder.entitlements;
				CODE_SIGN_STYLE = Automatic;
				CURRENT_PROJECT_VERSION = 1;
				DEVELOPMENT_ASSET_PATHS = "\"RandomReminder/Preview Content\"";
				DEVELOPMENT_TEAM = W9299UY4N9;
				ENABLE_HARDENED_RUNTIME = YES;
				ENABLE_PREVIEWS = YES;
				GENERATE_INFOPLIST_FILE = YES;
				"INFOPLIST_KEY_UIApplicationSceneManifest_Generation[sdk=iphoneos*]" = YES;
				"INFOPLIST_KEY_UIApplicationSceneManifest_Generation[sdk=iphonesimulator*]" = YES;
				"INFOPLIST_KEY_UIApplicationSupportsIndirectInputEvents[sdk=iphoneos*]" = YES;
				"INFOPLIST_KEY_UIApplicationSupportsIndirectInputEvents[sdk=iphonesimulator*]" = YES;
				"INFOPLIST_KEY_UILaunchScreen_Generation[sdk=iphoneos*]" = YES;
				"INFOPLIST_KEY_UILaunchScreen_Generation[sdk=iphonesimulator*]" = YES;
				"INFOPLIST_KEY_UIStatusBarStyle[sdk=iphoneos*]" = UIStatusBarStyleDefault;
				"INFOPLIST_KEY_UIStatusBarStyle[sdk=iphonesimulator*]" = UIStatusBarStyleDefault;
				INFOPLIST_KEY_UISupportedInterfaceOrientations_iPad = "UIInterfaceOrientationPortrait UIInterfaceOrientationPortraitUpsideDown UIInterfaceOrientationLandscapeLeft UIInterfaceOrientationLandscapeRight";
				INFOPLIST_KEY_UISupportedInterfaceOrientations_iPhone = "UIInterfaceOrientationPortrait UIInterfaceOrientationLandscapeLeft UIInterfaceOrientationLandscapeRight";
				IPHONEOS_DEPLOYMENT_TARGET = 16.2;
				LD_RUNPATH_SEARCH_PATHS = "@executable_path/Frameworks";
				"LD_RUNPATH_SEARCH_PATHS[sdk=macosx*]" = "@executable_path/../Frameworks";
				MACOSX_DEPLOYMENT_TARGET = 13.1;
				MARKETING_VERSION = 1.0;
				PRODUCT_BUNDLE_IDENTIFIER = carrism.RandomReminder;
				PRODUCT_NAME = "$(TARGET_NAME)";
				SDKROOT = auto;
				SUPPORTED_PLATFORMS = "iphoneos iphonesimulator macosx";
				SWIFT_EMIT_LOC_STRINGS = YES;
				SWIFT_VERSION = 5.0;
				TARGETED_DEVICE_FAMILY = "1,2";
			};
			name = Release;
		};
		E445CDFB29C9209700F07ACF /* Debug */ = {
			isa = XCBuildConfiguration;
			buildSettings = {
				ALWAYS_EMBED_SWIFT_STANDARD_LIBRARIES = YES;
				BUNDLE_LOADER = "$(TEST_HOST)";
				CODE_SIGN_STYLE = Automatic;
				CURRENT_PROJECT_VERSION = 1;
				DEVELOPMENT_TEAM = W9299UY4N9;
				GENERATE_INFOPLIST_FILE = YES;
				IPHONEOS_DEPLOYMENT_TARGET = 16.2;
				MACOSX_DEPLOYMENT_TARGET = 13.1;
				MARKETING_VERSION = 1.0;
				PRODUCT_BUNDLE_IDENTIFIER = carrism.RandomReminderTests;
				PRODUCT_NAME = "$(TARGET_NAME)";
				SDKROOT = auto;
				SUPPORTED_PLATFORMS = "iphoneos iphonesimulator macosx";
				SWIFT_EMIT_LOC_STRINGS = NO;
				SWIFT_VERSION = 5.0;
				TARGETED_DEVICE_FAMILY = "1,2";
				TEST_HOST = "$(BUILT_PRODUCTS_DIR)/RandomReminder.app/$(BUNDLE_EXECUTABLE_FOLDER_PATH)/RandomReminder";
			};
			name = Debug;
		};
		E445CDFC29C9209700F07ACF /* Release */ = {
			isa = XCBuildConfiguration;
			buildSettings = {
				ALWAYS_EMBED_SWIFT_STANDARD_LIBRARIES = YES;
				BUNDLE_LOADER = "$(TEST_HOST)";
				CODE_SIGN_STYLE = Automatic;
				CURRENT_PROJECT_VERSION = 1;
				DEVELOPMENT_TEAM = W9299UY4N9;
				GENERATE_INFOPLIST_FILE = YES;
				IPHONEOS_DEPLOYMENT_TARGET = 16.2;
				MACOSX_DEPLOYMENT_TARGET = 13.1;
				MARKETING_VERSION = 1.0;
				PRODUCT_BUNDLE_IDENTIFIER = carrism.RandomReminderTests;
				PRODUCT_NAME = "$(TARGET_NAME)";
				SDKROOT = auto;
				SUPPORTED_PLATFORMS = "iphoneos iphonesimulator macosx";
				SWIFT_EMIT_LOC_STRINGS = NO;
				SWIFT_VERSION = 5.0;
				TARGETED_DEVICE_FAMILY = "1,2";
				TEST_HOST = "$(BUILT_PRODUCTS_DIR)/RandomReminder.app/$(BUNDLE_EXECUTABLE_FOLDER_PATH)/RandomReminder";
			};
			name = Release;
		};
		E445CDFE29C9209700F07ACF /* Debug */ = {
			isa = XCBuildConfiguration;
			buildSettings = {
				ALWAYS_EMBED_SWIFT_STANDARD_LIBRARIES = YES;
				CODE_SIGN_STYLE = Automatic;
				CURRENT_PROJECT_VERSION = 1;
				DEVELOPMENT_TEAM = W9299UY4N9;
				GENERATE_INFOPLIST_FILE = YES;
				IPHONEOS_DEPLOYMENT_TARGET = 16.2;
				MACOSX_DEPLOYMENT_TARGET = 13.1;
				MARKETING_VERSION = 1.0;
				PRODUCT_BUNDLE_IDENTIFIER = carrism.RandomReminderUITests;
				PRODUCT_NAME = "$(TARGET_NAME)";
				SDKROOT = auto;
				SUPPORTED_PLATFORMS = "iphoneos iphonesimulator macosx";
				SWIFT_EMIT_LOC_STRINGS = NO;
				SWIFT_VERSION = 5.0;
				TARGETED_DEVICE_FAMILY = "1,2";
				TEST_TARGET_NAME = RandomReminder;
			};
			name = Debug;
		};
		E445CDFF29C9209700F07ACF /* Release */ = {
			isa = XCBuildConfiguration;
			buildSettings = {
				ALWAYS_EMBED_SWIFT_STANDARD_LIBRARIES = YES;
				CODE_SIGN_STYLE = Automatic;
				CURRENT_PROJECT_VERSION = 1;
				DEVELOPMENT_TEAM = W9299UY4N9;
				GENERATE_INFOPLIST_FILE = YES;
				IPHONEOS_DEPLOYMENT_TARGET = 16.2;
				MACOSX_DEPLOYMENT_TARGET = 13.1;
				MARKETING_VERSION = 1.0;
				PRODUCT_BUNDLE_IDENTIFIER = carrism.RandomReminderUITests;
				PRODUCT_NAME = "$(TARGET_NAME)";
				SDKROOT = auto;
				SUPPORTED_PLATFORMS = "iphoneos iphonesimulator macosx";
				SWIFT_EMIT_LOC_STRINGS = NO;
				SWIFT_VERSION = 5.0;
				TARGETED_DEVICE_FAMILY = "1,2";
				TEST_TARGET_NAME = RandomReminder;
			};
			name = Release;
		};
/* End XCBuildConfiguration section */

/* Begin XCConfigurationList section */
		E445CDCD29C9209600F07ACF /* Build configuration list for PBXProject "RandomReminder" */ = {
			isa = XCConfigurationList;
			buildConfigurations = (
				E445CDF529C9209700F07ACF /* Debug */,
				E445CDF629C9209700F07ACF /* Release */,
			);
			defaultConfigurationIsVisible = 0;
			defaultConfigurationName = Release;
		};
		E445CDF729C9209700F07ACF /* Build configuration list for PBXNativeTarget "RandomReminder" */ = {
			isa = XCConfigurationList;
			buildConfigurations = (
				E445CDF829C9209700F07ACF /* Debug */,
				E445CDF929C9209700F07ACF /* Release */,
			);
			defaultConfigurationIsVisible = 0;
			defaultConfigurationName = Release;
		};
		E445CDFA29C9209700F07ACF /* Build configuration list for PBXNativeTarget "RandomReminderTests" */ = {
			isa = XCConfigurationList;
			buildConfigurations = (
				E445CDFB29C9209700F07ACF /* Debug */,
				E445CDFC29C9209700F07ACF /* Release */,
			);
			defaultConfigurationIsVisible = 0;
			defaultConfigurationName = Release;
		};
		E445CDFD29C9209700F07ACF /* Build configuration list for PBXNativeTarget "RandomReminderUITests" */ = {
			isa = XCConfigurationList;
			buildConfigurations = (
				E445CDFE29C9209700F07ACF /* Debug */,
				E445CDFF29C9209700F07ACF /* Release */,
			);
			defaultConfigurationIsVisible = 0;
			defaultConfigurationName = Release;
		};
/* End XCConfigurationList section */
	};
	rootObject = E445CDCA29C9209600F07ACF /* Project object */;
}
