// !$*UTF8*$!
{
	archiveVersion = 1;
	classes = {
	};
	objectVersion = 56;
	objects = {

/* Begin PBXBuildFile section */
		E4188BD629D2C815003FB654 /* Font_ext.swift in Sources */ = {isa = PBXBuildFile; fileRef = E4188BD529D2C815003FB654 /* Font_ext.swift */; };
		E4188BD829D2C96E003FB654 /* DetailAdjustmentView.swift in Sources */ = {isa = PBXBuildFile; fileRef = E4188BD729D2C96E003FB654 /* DetailAdjustmentView.swift */; };
		E4188BDB29D2D0FF003FB654 /* AsymmetricalRoundedRectangle.swift in Sources */ = {isa = PBXBuildFile; fileRef = E4188BDA29D2D0FF003FB654 /* AsymmetricalRoundedRectangle.swift */; };
		E4188BDD29D2E0C0003FB654 /* ColorSlider.swift in Sources */ = {isa = PBXBuildFile; fileRef = E4188BDC29D2E0C0003FB654 /* ColorSlider.swift */; };
		E4188BDF29D38B8F003FB654 /* Application.swift in Sources */ = {isa = PBXBuildFile; fileRef = E4188BDE29D38B8F003FB654 /* Application.swift */; };
		E4188BE129D39884003FB654 /* ColorCell.swift in Sources */ = {isa = PBXBuildFile; fileRef = E4188BE029D39884003FB654 /* ColorCell.swift */; };
		E4188BE329D411C0003FB654 /* EmojiTextField.swift in Sources */ = {isa = PBXBuildFile; fileRef = E4188BE229D411C0003FB654 /* EmojiTextField.swift */; };
		E4188BE529D41B81003FB654 /* EditorViewModel.swift in Sources */ = {isa = PBXBuildFile; fileRef = E4188BE429D41B81003FB654 /* EditorViewModel.swift */; };
		E4188BE729D41CB7003FB654 /* ContentViewModel.swift in Sources */ = {isa = PBXBuildFile; fileRef = E4188BE629D41CB7003FB654 /* ContentViewModel.swift */; };
		E445CDD629C9209600F07ACF /* RandomReminderApp.swift in Sources */ = {isa = PBXBuildFile; fileRef = E445CDD529C9209600F07ACF /* RandomReminderApp.swift */; };
		E445CDD829C9209600F07ACF /* ContentView.swift in Sources */ = {isa = PBXBuildFile; fileRef = E445CDD729C9209600F07ACF /* ContentView.swift */; };
		E445CDDA29C9209700F07ACF /* Assets.xcassets in Resources */ = {isa = PBXBuildFile; fileRef = E445CDD929C9209700F07ACF /* Assets.xcassets */; };
		E445CDDE29C9209700F07ACF /* Preview Assets.xcassets in Resources */ = {isa = PBXBuildFile; fileRef = E445CDDD29C9209700F07ACF /* Preview Assets.xcassets */; };
		E445CDE829C9209700F07ACF /* RandomReminderTests.swift in Sources */ = {isa = PBXBuildFile; fileRef = E445CDE729C9209700F07ACF /* RandomReminderTests.swift */; };
		E445CDF229C9209700F07ACF /* RandomReminderUITests.swift in Sources */ = {isa = PBXBuildFile; fileRef = E445CDF129C9209700F07ACF /* RandomReminderUITests.swift */; };
		E445CDF429C9209700F07ACF /* RandomReminderUITestsLaunchTests.swift in Sources */ = {isa = PBXBuildFile; fileRef = E445CDF329C9209700F07ACF /* RandomReminderUITestsLaunchTests.swift */; };
		E463FA9629CABCA500924D86 /* RemindersView.swift in Sources */ = {isa = PBXBuildFile; fileRef = E463FA9529CABCA500924D86 /* RemindersView.swift */; };
		E463FA9829CABCAE00924D86 /* Reminder.swift in Sources */ = {isa = PBXBuildFile; fileRef = E463FA9729CABCAE00924D86 /* Reminder.swift */; };
		E463FA9A29CABD5B00924D86 /* ReminderCell.swift in Sources */ = {isa = PBXBuildFile; fileRef = E463FA9929CABD5B00924D86 /* ReminderCell.swift */; };
		E463FA9E29CABD9800924D86 /* RemindersViewModel.swift in Sources */ = {isa = PBXBuildFile; fileRef = E463FA9D29CABD9800924D86 /* RemindersViewModel.swift */; };
		E463FAA029CABEDD00924D86 /* Color_ext.swift in Sources */ = {isa = PBXBuildFile; fileRef = E463FA9F29CABEDD00924D86 /* Color_ext.swift */; };
		E463FAA429CAC00500924D86 /* DynamicToolsBackdrop.swift in Sources */ = {isa = PBXBuildFile; fileRef = E463FAA329CAC00500924D86 /* DynamicToolsBackdrop.swift */; };
		E463FAA629CAD2B000924D86 /* FrequencySlider.swift in Sources */ = {isa = PBXBuildFile; fileRef = E463FAA529CAD2AF00924D86 /* FrequencySlider.swift */; };
		E47240EE29D4DF5A00C064D8 /* WaveLayout.swift in Sources */ = {isa = PBXBuildFile; fileRef = E47240ED29D4DF5A00C064D8 /* WaveLayout.swift */; };
		E47240F029D5008A00C064D8 /* TimeSelector.swift in Sources */ = {isa = PBXBuildFile; fileRef = E47240EF29D5008A00C064D8 /* TimeSelector.swift */; };
		E47240F229D55DD900C064D8 /* DimensionalButtonStyle.swift in Sources */ = {isa = PBXBuildFile; fileRef = E47240F129D55DD900C064D8 /* DimensionalButtonStyle.swift */; };
		E47240F529D61EFA00C064D8 /* ReminderModel.xcdatamodeld in Sources */ = {isa = PBXBuildFile; fileRef = E47240F329D61EFA00C064D8 /* ReminderModel.xcdatamodeld */; };
		E47240F729D61F1700C064D8 /* DataManager.swift in Sources */ = {isa = PBXBuildFile; fileRef = E47240F629D61F1700C064D8 /* DataManager.swift */; };
		E47240F929DF845100C064D8 /* Pagination.swift in Sources */ = {isa = PBXBuildFile; fileRef = E47240F829DF845100C064D8 /* Pagination.swift */; };
		E47240FB29E6152E00C064D8 /* PaginationCoordinator.swift in Sources */ = {isa = PBXBuildFile; fileRef = E47240FA29E6152E00C064D8 /* PaginationCoordinator.swift */; };
		E47240FE29E6156B00C064D8 /* View+ext.swift in Sources */ = {isa = PBXBuildFile; fileRef = E47240FD29E6156B00C064D8 /* View+ext.swift */; };
		E48D451929E77AF80059DB84 /* PaginationLayout.swift in Sources */ = {isa = PBXBuildFile; fileRef = E48D451829E77AF80059DB84 /* PaginationLayout.swift */; };
		E48D451B29E8C7E60059DB84 /* ColorPicker.swift in Sources */ = {isa = PBXBuildFile; fileRef = E48D451A29E8C7E60059DB84 /* ColorPicker.swift */; };
		E48D451D29E8C8D60059DB84 /* UtilityBar.swift in Sources */ = {isa = PBXBuildFile; fileRef = E48D451C29E8C8D60059DB84 /* UtilityBar.swift */; };
		E48D451F29E8C94D0059DB84 /* TitleEditor.swift in Sources */ = {isa = PBXBuildFile; fileRef = E48D451E29E8C94D0059DB84 /* TitleEditor.swift */; };
		E48D452129E8C99A0059DB84 /* FrequencyEditor.swift in Sources */ = {isa = PBXBuildFile; fileRef = E48D452029E8C99A0059DB84 /* FrequencyEditor.swift */; };
		E573237CABBE90FC792D0500 /* Pods_RandomReminder.framework in Frameworks */ = {isa = PBXBuildFile; fileRef = 4B2743BE11BD9A66F0AA8E77 /* Pods_RandomReminder.framework */; };
		F928416A494F753C35FF16C8 /* Pods_RandomReminderTests.framework in Frameworks */ = {isa = PBXBuildFile; fileRef = 70C2202EBCFB5C022C20E95F /* Pods_RandomReminderTests.framework */; };
		FFFA7986262DB298717DA081 /* Pods_RandomReminder_RandomReminderUITests.framework in Frameworks */ = {isa = PBXBuildFile; fileRef = 67E539CDE37E256778F105F8 /* Pods_RandomReminder_RandomReminderUITests.framework */; };
/* End PBXBuildFile section */

/* Begin PBXContainerItemProxy section */
		E445CDE429C9209700F07ACF /* PBXContainerItemProxy */ = {
			isa = PBXContainerItemProxy;
			containerPortal = E445CDCA29C9209600F07ACF /* Project object */;
			proxyType = 1;
			remoteGlobalIDString = E445CDD129C9209600F07ACF;
			remoteInfo = RandomReminder;
		};
		E445CDEE29C9209700F07ACF /* PBXContainerItemProxy */ = {
			isa = PBXContainerItemProxy;
			containerPortal = E445CDCA29C9209600F07ACF /* Project object */;
			proxyType = 1;
			remoteGlobalIDString = E445CDD129C9209600F07ACF;
			remoteInfo = RandomReminder;
		};
/* End PBXContainerItemProxy section */

/* Begin PBXFileReference section */
		155FD71BAD19102541EAAD0F /* Pods-RandomReminder.release.xcconfig */ = {isa = PBXFileReference; includeInIndex = 1; lastKnownFileType = text.xcconfig; name = "Pods-RandomReminder.release.xcconfig"; path = "Target Support Files/Pods-RandomReminder/Pods-RandomReminder.release.xcconfig"; sourceTree = "<group>"; };
		2064B32B63E31881CC784E4A /* Pods-RandomReminderTests.debug.xcconfig */ = {isa = PBXFileReference; includeInIndex = 1; lastKnownFileType = text.xcconfig; name = "Pods-RandomReminderTests.debug.xcconfig"; path = "Target Support Files/Pods-RandomReminderTests/Pods-RandomReminderTests.debug.xcconfig"; sourceTree = "<group>"; };
		4B2743BE11BD9A66F0AA8E77 /* Pods_RandomReminder.framework */ = {isa = PBXFileReference; explicitFileType = wrapper.framework; includeInIndex = 0; path = Pods_RandomReminder.framework; sourceTree = BUILT_PRODUCTS_DIR; };
		67E539CDE37E256778F105F8 /* Pods_RandomReminder_RandomReminderUITests.framework */ = {isa = PBXFileReference; explicitFileType = wrapper.framework; includeInIndex = 0; path = Pods_RandomReminder_RandomReminderUITests.framework; sourceTree = BUILT_PRODUCTS_DIR; };
		70C2202EBCFB5C022C20E95F /* Pods_RandomReminderTests.framework */ = {isa = PBXFileReference; explicitFileType = wrapper.framework; includeInIndex = 0; path = Pods_RandomReminderTests.framework; sourceTree = BUILT_PRODUCTS_DIR; };
		8DF8E565ED892EAEBF597355 /* Pods-RandomReminderTests.release.xcconfig */ = {isa = PBXFileReference; includeInIndex = 1; lastKnownFileType = text.xcconfig; name = "Pods-RandomReminderTests.release.xcconfig"; path = "Target Support Files/Pods-RandomReminderTests/Pods-RandomReminderTests.release.xcconfig"; sourceTree = "<group>"; };
		9D1BF32F11FCEC960675BFA3 /* Pods-RandomReminder.debug.xcconfig */ = {isa = PBXFileReference; includeInIndex = 1; lastKnownFileType = text.xcconfig; name = "Pods-RandomReminder.debug.xcconfig"; path = "Target Support Files/Pods-RandomReminder/Pods-RandomReminder.debug.xcconfig"; sourceTree = "<group>"; };
		B743BAE71291D9759D767E0D /* Pods-RandomReminder-RandomReminderUITests.debug.xcconfig */ = {isa = PBXFileReference; includeInIndex = 1; lastKnownFileType = text.xcconfig; name = "Pods-RandomReminder-RandomReminderUITests.debug.xcconfig"; path = "Target Support Files/Pods-RandomReminder-RandomReminderUITests/Pods-RandomReminder-RandomReminderUITests.debug.xcconfig"; sourceTree = "<group>"; };
		B8C95BF3E0E1C8B4B0B60AE3 /* Pods-RandomReminder-RandomReminderUITests.release.xcconfig */ = {isa = PBXFileReference; includeInIndex = 1; lastKnownFileType = text.xcconfig; name = "Pods-RandomReminder-RandomReminderUITests.release.xcconfig"; path = "Target Support Files/Pods-RandomReminder-RandomReminderUITests/Pods-RandomReminder-RandomReminderUITests.release.xcconfig"; sourceTree = "<group>"; };
		E4188BD529D2C815003FB654 /* Font_ext.swift */ = {isa = PBXFileReference; lastKnownFileType = sourcecode.swift; path = Font_ext.swift; sourceTree = "<group>"; };
		E4188BD729D2C96E003FB654 /* DetailAdjustmentView.swift */ = {isa = PBXFileReference; lastKnownFileType = sourcecode.swift; path = DetailAdjustmentView.swift; sourceTree = "<group>"; };
		E4188BDA29D2D0FF003FB654 /* AsymmetricalRoundedRectangle.swift */ = {isa = PBXFileReference; lastKnownFileType = sourcecode.swift; path = AsymmetricalRoundedRectangle.swift; sourceTree = "<group>"; };
		E4188BDC29D2E0C0003FB654 /* ColorSlider.swift */ = {isa = PBXFileReference; lastKnownFileType = sourcecode.swift; path = ColorSlider.swift; sourceTree = "<group>"; };
		E4188BDE29D38B8F003FB654 /* Application.swift */ = {isa = PBXFileReference; lastKnownFileType = sourcecode.swift; name = Application.swift; path = RandomReminder/Model/Application.swift; sourceTree = SOURCE_ROOT; };
		E4188BE029D39884003FB654 /* ColorCell.swift */ = {isa = PBXFileReference; lastKnownFileType = sourcecode.swift; path = ColorCell.swift; sourceTree = "<group>"; };
		E4188BE229D411C0003FB654 /* EmojiTextField.swift */ = {isa = PBXFileReference; lastKnownFileType = sourcecode.swift; path = EmojiTextField.swift; sourceTree = "<group>"; };
		E4188BE429D41B81003FB654 /* EditorViewModel.swift */ = {isa = PBXFileReference; lastKnownFileType = sourcecode.swift; path = EditorViewModel.swift; sourceTree = "<group>"; };
		E4188BE629D41CB7003FB654 /* ContentViewModel.swift */ = {isa = PBXFileReference; lastKnownFileType = sourcecode.swift; path = ContentViewModel.swift; sourceTree = "<group>"; };
		E445CDD229C9209600F07ACF /* RandomReminder.app */ = {isa = PBXFileReference; explicitFileType = wrapper.application; includeInIndex = 0; path = RandomReminder.app; sourceTree = BUILT_PRODUCTS_DIR; };
		E445CDD529C9209600F07ACF /* RandomReminderApp.swift */ = {isa = PBXFileReference; lastKnownFileType = sourcecode.swift; path = RandomReminderApp.swift; sourceTree = "<group>"; };
		E445CDD729C9209600F07ACF /* ContentView.swift */ = {isa = PBXFileReference; lastKnownFileType = sourcecode.swift; path = ContentView.swift; sourceTree = "<group>"; };
		E445CDD929C9209700F07ACF /* Assets.xcassets */ = {isa = PBXFileReference; lastKnownFileType = folder.assetcatalog; path = Assets.xcassets; sourceTree = "<group>"; };
		E445CDDB29C9209700F07ACF /* RandomReminder.entitlements */ = {isa = PBXFileReference; lastKnownFileType = text.plist.entitlements; path = RandomReminder.entitlements; sourceTree = "<group>"; };
		E445CDDD29C9209700F07ACF /* Preview Assets.xcassets */ = {isa = PBXFileReference; lastKnownFileType = folder.assetcatalog; path = "Preview Assets.xcassets"; sourceTree = "<group>"; };
		E445CDE329C9209700F07ACF /* RandomReminderTests.xctest */ = {isa = PBXFileReference; explicitFileType = wrapper.cfbundle; includeInIndex = 0; path = RandomReminderTests.xctest; sourceTree = BUILT_PRODUCTS_DIR; };
		E445CDE729C9209700F07ACF /* RandomReminderTests.swift */ = {isa = PBXFileReference; lastKnownFileType = sourcecode.swift; path = RandomReminderTests.swift; sourceTree = "<group>"; };
		E445CDED29C9209700F07ACF /* RandomReminderUITests.xctest */ = {isa = PBXFileReference; explicitFileType = wrapper.cfbundle; includeInIndex = 0; path = RandomReminderUITests.xctest; sourceTree = BUILT_PRODUCTS_DIR; };
		E445CDF129C9209700F07ACF /* RandomReminderUITests.swift */ = {isa = PBXFileReference; lastKnownFileType = sourcecode.swift; path = RandomReminderUITests.swift; sourceTree = "<group>"; };
		E445CDF329C9209700F07ACF /* RandomReminderUITestsLaunchTests.swift */ = {isa = PBXFileReference; lastKnownFileType = sourcecode.swift; path = RandomReminderUITestsLaunchTests.swift; sourceTree = "<group>"; };
		E463FA9529CABCA500924D86 /* RemindersView.swift */ = {isa = PBXFileReference; lastKnownFileType = sourcecode.swift; path = RemindersView.swift; sourceTree = "<group>"; };
		E463FA9729CABCAE00924D86 /* Reminder.swift */ = {isa = PBXFileReference; lastKnownFileType = sourcecode.swift; path = Reminder.swift; sourceTree = "<group>"; };
		E463FA9929CABD5B00924D86 /* ReminderCell.swift */ = {isa = PBXFileReference; lastKnownFileType = sourcecode.swift; path = ReminderCell.swift; sourceTree = "<group>"; };
		E463FA9D29CABD9800924D86 /* RemindersViewModel.swift */ = {isa = PBXFileReference; lastKnownFileType = sourcecode.swift; path = RemindersViewModel.swift; sourceTree = "<group>"; };
		E463FA9F29CABEDD00924D86 /* Color_ext.swift */ = {isa = PBXFileReference; lastKnownFileType = sourcecode.swift; name = Color_ext.swift; path = RandomReminder/View/Extensions/Color_ext.swift; sourceTree = SOURCE_ROOT; };
		E463FAA329CAC00500924D86 /* DynamicToolsBackdrop.swift */ = {isa = PBXFileReference; lastKnownFileType = sourcecode.swift; path = DynamicToolsBackdrop.swift; sourceTree = "<group>"; };
		E463FAA529CAD2AF00924D86 /* FrequencySlider.swift */ = {isa = PBXFileReference; lastKnownFileType = sourcecode.swift; path = FrequencySlider.swift; sourceTree = "<group>"; };
		E47240ED29D4DF5A00C064D8 /* WaveLayout.swift */ = {isa = PBXFileReference; lastKnownFileType = sourcecode.swift; path = WaveLayout.swift; sourceTree = "<group>"; };
		E47240EF29D5008A00C064D8 /* TimeSelector.swift */ = {isa = PBXFileReference; lastKnownFileType = sourcecode.swift; path = TimeSelector.swift; sourceTree = "<group>"; };
		E47240F129D55DD900C064D8 /* DimensionalButtonStyle.swift */ = {isa = PBXFileReference; lastKnownFileType = sourcecode.swift; path = DimensionalButtonStyle.swift; sourceTree = "<group>"; };
		E47240F429D61EFA00C064D8 /* ReminderModel.xcdatamodel */ = {isa = PBXFileReference; lastKnownFileType = wrapper.xcdatamodel; path = ReminderModel.xcdatamodel; sourceTree = "<group>"; };
		E47240F629D61F1700C064D8 /* DataManager.swift */ = {isa = PBXFileReference; lastKnownFileType = sourcecode.swift; path = DataManager.swift; sourceTree = "<group>"; };
		E47240F829DF845100C064D8 /* Pagination.swift */ = {isa = PBXFileReference; lastKnownFileType = sourcecode.swift; name = Pagination.swift; path = "RandomReminder/View/Cusom Components/Pagination/Pagination.swift"; sourceTree = SOURCE_ROOT; };
		E47240FA29E6152E00C064D8 /* PaginationCoordinator.swift */ = {isa = PBXFileReference; lastKnownFileType = sourcecode.swift; path = PaginationCoordinator.swift; sourceTree = "<group>"; };
		E47240FD29E6156B00C064D8 /* View+ext.swift */ = {isa = PBXFileReference; lastKnownFileType = sourcecode.swift; path = "View+ext.swift"; sourceTree = "<group>"; };
		E48D451829E77AF80059DB84 /* PaginationLayout.swift */ = {isa = PBXFileReference; lastKnownFileType = sourcecode.swift; path = PaginationLayout.swift; sourceTree = "<group>"; };
		E48D451A29E8C7E60059DB84 /* ColorPicker.swift */ = {isa = PBXFileReference; lastKnownFileType = sourcecode.swift; path = ColorPicker.swift; sourceTree = "<group>"; };
		E48D451C29E8C8D60059DB84 /* UtilityBar.swift */ = {isa = PBXFileReference; lastKnownFileType = sourcecode.swift; path = UtilityBar.swift; sourceTree = "<group>"; };
		E48D451E29E8C94D0059DB84 /* TitleEditor.swift */ = {isa = PBXFileReference; lastKnownFileType = sourcecode.swift; path = TitleEditor.swift; sourceTree = "<group>"; };
		E48D452029E8C99A0059DB84 /* FrequencyEditor.swift */ = {isa = PBXFileReference; lastKnownFileType = sourcecode.swift; path = FrequencyEditor.swift; sourceTree = "<group>"; };
/* End PBXFileReference section */

/* Begin PBXFrameworksBuildPhase section */
		E445CDCF29C9209600F07ACF /* Frameworks */ = {
			isa = PBXFrameworksBuildPhase;
			buildActionMask = 2147483647;
			files = (
				E573237CABBE90FC792D0500 /* Pods_RandomReminder.framework in Frameworks */,
			);
			runOnlyForDeploymentPostprocessing = 0;
		};
		E445CDE029C9209700F07ACF /* Frameworks */ = {
			isa = PBXFrameworksBuildPhase;
			buildActionMask = 2147483647;
			files = (
				F928416A494F753C35FF16C8 /* Pods_RandomReminderTests.framework in Frameworks */,
			);
			runOnlyForDeploymentPostprocessing = 0;
		};
		E445CDEA29C9209700F07ACF /* Frameworks */ = {
			isa = PBXFrameworksBuildPhase;
			buildActionMask = 2147483647;
			files = (
				FFFA7986262DB298717DA081 /* Pods_RandomReminder_RandomReminderUITests.framework in Frameworks */,
			);
			runOnlyForDeploymentPostprocessing = 0;
		};
/* End PBXFrameworksBuildPhase section */

/* Begin PBXGroup section */
		45E942507624F8713A6BAB86 /* Frameworks */ = {
			isa = PBXGroup;
			children = (
				4B2743BE11BD9A66F0AA8E77 /* Pods_RandomReminder.framework */,
				67E539CDE37E256778F105F8 /* Pods_RandomReminder_RandomReminderUITests.framework */,
				70C2202EBCFB5C022C20E95F /* Pods_RandomReminderTests.framework */,
			);
			name = Frameworks;
			sourceTree = "<group>";
		};
		9A7CD08E66D1F9757C415DDE /* Pods */ = {
			isa = PBXGroup;
			children = (
				9D1BF32F11FCEC960675BFA3 /* Pods-RandomReminder.debug.xcconfig */,
				155FD71BAD19102541EAAD0F /* Pods-RandomReminder.release.xcconfig */,
				B743BAE71291D9759D767E0D /* Pods-RandomReminder-RandomReminderUITests.debug.xcconfig */,
				B8C95BF3E0E1C8B4B0B60AE3 /* Pods-RandomReminder-RandomReminderUITests.release.xcconfig */,
				2064B32B63E31881CC784E4A /* Pods-RandomReminderTests.debug.xcconfig */,
				8DF8E565ED892EAEBF597355 /* Pods-RandomReminderTests.release.xcconfig */,
			);
			path = Pods;
			sourceTree = "<group>";
		};
		E4188BD929D2C974003FB654 /* Editor */ = {
			isa = PBXGroup;
			children = (
				E4188BD729D2C96E003FB654 /* DetailAdjustmentView.swift */,
				E48D451C29E8C8D60059DB84 /* UtilityBar.swift */,
				E48D451E29E8C94D0059DB84 /* TitleEditor.swift */,
				E48D452029E8C99A0059DB84 /* FrequencyEditor.swift */,
				E48D451A29E8C7E60059DB84 /* ColorPicker.swift */,
				E47240EF29D5008A00C064D8 /* TimeSelector.swift */,
				E4188BDC29D2E0C0003FB654 /* ColorSlider.swift */,
				E4188BE029D39884003FB654 /* ColorCell.swift */,
				E4188BE429D41B81003FB654 /* EditorViewModel.swift */,
			);
			path = Editor;
			sourceTree = "<group>";
		};
		E445CDC929C9209600F07ACF = {
			isa = PBXGroup;
			children = (
				E445CDD429C9209600F07ACF /* RandomReminder */,
				E445CDE629C9209700F07ACF /* RandomReminderTests */,
				E445CDF029C9209700F07ACF /* RandomReminderUITests */,
				E445CDD329C9209600F07ACF /* Products */,
				9A7CD08E66D1F9757C415DDE /* Pods */,
				45E942507624F8713A6BAB86 /* Frameworks */,
			);
			sourceTree = "<group>";
		};
		E445CDD329C9209600F07ACF /* Products */ = {
			isa = PBXGroup;
			children = (
				E445CDD229C9209600F07ACF /* RandomReminder.app */,
				E445CDE329C9209700F07ACF /* RandomReminderTests.xctest */,
				E445CDED29C9209700F07ACF /* RandomReminderUITests.xctest */,
			);
			name = Products;
			sourceTree = "<group>";
		};
		E445CDD429C9209600F07ACF /* RandomReminder */ = {
			isa = PBXGroup;
			children = (
				E445CDD529C9209600F07ACF /* RandomReminderApp.swift */,
				E47240EB29D4DDD200C064D8 /* View */,
				E463FA9B29CABD6C00924D86 /* Model */,
				E445CDD929C9209700F07ACF /* Assets.xcassets */,
				E445CDDB29C9209700F07ACF /* RandomReminder.entitlements */,
				E445CDDC29C9209700F07ACF /* Preview Content */,
			);
			path = RandomReminder;
			sourceTree = "<group>";
		};
		E445CDDC29C9209700F07ACF /* Preview Content */ = {
			isa = PBXGroup;
			children = (
				E445CDDD29C9209700F07ACF /* Preview Assets.xcassets */,
			);
			path = "Preview Content";
			sourceTree = "<group>";
		};
		E445CDE629C9209700F07ACF /* RandomReminderTests */ = {
			isa = PBXGroup;
			children = (
				E445CDE729C9209700F07ACF /* RandomReminderTests.swift */,
			);
			path = RandomReminderTests;
			sourceTree = "<group>";
		};
		E445CDF029C9209700F07ACF /* RandomReminderUITests */ = {
			isa = PBXGroup;
			children = (
				E445CDF129C9209700F07ACF /* RandomReminderUITests.swift */,
				E445CDF329C9209700F07ACF /* RandomReminderUITestsLaunchTests.swift */,
			);
			path = RandomReminderUITests;
			sourceTree = "<group>";
		};
		E463FA9B29CABD6C00924D86 /* Model */ = {
			isa = PBXGroup;
			children = (
				E463FA9729CABCAE00924D86 /* Reminder.swift */,
				E4188BDE29D38B8F003FB654 /* Application.swift */,
				E47240F329D61EFA00C064D8 /* ReminderModel.xcdatamodeld */,
				E47240F629D61F1700C064D8 /* DataManager.swift */,
			);
			path = Model;
			sourceTree = "<group>";
		};
		E463FA9C29CABD7200924D86 /* Reminder */ = {
			isa = PBXGroup;
			children = (
				E463FA9529CABCA500924D86 /* RemindersView.swift */,
				E463FA9929CABD5B00924D86 /* ReminderCell.swift */,
				E463FAA529CAD2AF00924D86 /* FrequencySlider.swift */,
				E463FA9D29CABD9800924D86 /* RemindersViewModel.swift */,
			);
			path = Reminder;
			sourceTree = "<group>";
		};
		E463FAA129CABF0100924D86 /* Extensions */ = {
			isa = PBXGroup;
			children = (
				E463FA9F29CABEDD00924D86 /* Color_ext.swift */,
				E4188BD529D2C815003FB654 /* Font_ext.swift */,
			);
			path = Extensions;
			sourceTree = "<group>";
		};
		E463FAA229CABFC000924D86 /* Toolbar */ = {
			isa = PBXGroup;
			children = (
				E463FAA329CAC00500924D86 /* DynamicToolsBackdrop.swift */,
			);
			path = Toolbar;
			sourceTree = "<group>";
		};
		E47240EB29D4DDD200C064D8 /* View */ = {
			isa = PBXGroup;
			children = (
				E445CDD729C9209600F07ACF /* ContentView.swift */,
				E4188BE629D41CB7003FB654 /* ContentViewModel.swift */,
				E47240EC29D4DE6200C064D8 /* Cusom Components */,
				E4188BD929D2C974003FB654 /* Editor */,
				E463FAA229CABFC000924D86 /* Toolbar */,
				E463FA9C29CABD7200924D86 /* Reminder */,
				E463FAA129CABF0100924D86 /* Extensions */,
			);
			path = View;
			sourceTree = "<group>";
		};
		E47240EC29D4DE6200C064D8 /* Cusom Components */ = {
			isa = PBXGroup;
			children = (
				E4188BE229D411C0003FB654 /* EmojiTextField.swift */,
				E47240F129D55DD900C064D8 /* DimensionalButtonStyle.swift */,
				E47240ED29D4DF5A00C064D8 /* WaveLayout.swift */,
				E4188BDA29D2D0FF003FB654 /* AsymmetricalRoundedRectangle.swift */,
				E47240FC29E6153300C064D8 /* Pagination */,
			);
			path = "Cusom Components";
			sourceTree = "<group>";
		};
		E47240FC29E6153300C064D8 /* Pagination */ = {
			isa = PBXGroup;
			children = (
				E47240F829DF845100C064D8 /* Pagination.swift */,
				E47240FA29E6152E00C064D8 /* PaginationCoordinator.swift */,
				E48D451829E77AF80059DB84 /* PaginationLayout.swift */,
				E47240FD29E6156B00C064D8 /* View+ext.swift */,
			);
			path = Pagination;
			sourceTree = "<group>";
		};
/* End PBXGroup section */

/* Begin PBXNativeTarget section */
		E445CDD129C9209600F07ACF /* RandomReminder */ = {
			isa = PBXNativeTarget;
			buildConfigurationList = E445CDF729C9209700F07ACF /* Build configuration list for PBXNativeTarget "RandomReminder" */;
			buildPhases = (
				293DB5CF8F8C27B78D1C0B9E /* [CP] Check Pods Manifest.lock */,
				E445CDCE29C9209600F07ACF /* Sources */,
				E445CDCF29C9209600F07ACF /* Frameworks */,
				E445CDD029C9209600F07ACF /* Resources */,
			);
			buildRules = (
			);
			dependencies = (
			);
			name = RandomReminder;
			productName = RandomReminder;
			productReference = E445CDD229C9209600F07ACF /* RandomReminder.app */;
			productType = "com.apple.product-type.application";
		};
		E445CDE229C9209700F07ACF /* RandomReminderTests */ = {
			isa = PBXNativeTarget;
			buildConfigurationList = E445CDFA29C9209700F07ACF /* Build configuration list for PBXNativeTarget "RandomReminderTests" */;
			buildPhases = (
				EF5BD9E056EDC433D958BE44 /* [CP] Check Pods Manifest.lock */,
				E445CDDF29C9209700F07ACF /* Sources */,
				E445CDE029C9209700F07ACF /* Frameworks */,
				E445CDE129C9209700F07ACF /* Resources */,
			);
			buildRules = (
			);
			dependencies = (
				E445CDE529C9209700F07ACF /* PBXTargetDependency */,
			);
			name = RandomReminderTests;
			productName = RandomReminderTests;
			productReference = E445CDE329C9209700F07ACF /* RandomReminderTests.xctest */;
			productType = "com.apple.product-type.bundle.unit-test";
		};
		E445CDEC29C9209700F07ACF /* RandomReminderUITests */ = {
			isa = PBXNativeTarget;
			buildConfigurationList = E445CDFD29C9209700F07ACF /* Build configuration list for PBXNativeTarget "RandomReminderUITests" */;
			buildPhases = (
				7128B343D171FE4E40CFFD11 /* [CP] Check Pods Manifest.lock */,
				E445CDE929C9209700F07ACF /* Sources */,
				E445CDEA29C9209700F07ACF /* Frameworks */,
				E445CDEB29C9209700F07ACF /* Resources */,
			);
			buildRules = (
			);
			dependencies = (
				E445CDEF29C9209700F07ACF /* PBXTargetDependency */,
			);
			name = RandomReminderUITests;
			productName = RandomReminderUITests;
			productReference = E445CDED29C9209700F07ACF /* RandomReminderUITests.xctest */;
			productType = "com.apple.product-type.bundle.ui-testing";
		};
/* End PBXNativeTarget section */

/* Begin PBXProject section */
		E445CDCA29C9209600F07ACF /* Project object */ = {
			isa = PBXProject;
			attributes = {
				BuildIndependentTargetsInParallel = 1;
				LastSwiftUpdateCheck = 1420;
				LastUpgradeCheck = 1420;
				TargetAttributes = {
					E445CDD129C9209600F07ACF = {
						CreatedOnToolsVersion = 14.2;
					};
					E445CDE229C9209700F07ACF = {
						CreatedOnToolsVersion = 14.2;
						TestTargetID = E445CDD129C9209600F07ACF;
					};
					E445CDEC29C9209700F07ACF = {
						CreatedOnToolsVersion = 14.2;
						TestTargetID = E445CDD129C9209600F07ACF;
					};
				};
			};
			buildConfigurationList = E445CDCD29C9209600F07ACF /* Build configuration list for PBXProject "RandomReminder" */;
			compatibilityVersion = "Xcode 14.0";
			developmentRegion = en;
			hasScannedForEncodings = 0;
			knownRegions = (
				en,
				Base,
			);
			mainGroup = E445CDC929C9209600F07ACF;
			productRefGroup = E445CDD329C9209600F07ACF /* Products */;
			projectDirPath = "";
			projectRoot = "";
			targets = (
				E445CDD129C9209600F07ACF /* RandomReminder */,
				E445CDE229C9209700F07ACF /* RandomReminderTests */,
				E445CDEC29C9209700F07ACF /* RandomReminderUITests */,
			);
		};
/* End PBXProject section */

/* Begin PBXResourcesBuildPhase section */
		E445CDD029C9209600F07ACF /* Resources */ = {
			isa = PBXResourcesBuildPhase;
			buildActionMask = 2147483647;
			files = (
				E445CDDE29C9209700F07ACF /* Preview Assets.xcassets in Resources */,
				E445CDDA29C9209700F07ACF /* Assets.xcassets in Resources */,
			);
			runOnlyForDeploymentPostprocessing = 0;
		};
		E445CDE129C9209700F07ACF /* Resources */ = {
			isa = PBXResourcesBuildPhase;
			buildActionMask = 2147483647;
			files = (
			);
			runOnlyForDeploymentPostprocessing = 0;
		};
		E445CDEB29C9209700F07ACF /* Resources */ = {
			isa = PBXResourcesBuildPhase;
			buildActionMask = 2147483647;
			files = (
			);
			runOnlyForDeploymentPostprocessing = 0;
		};
/* End PBXResourcesBuildPhase section */

/* Begin PBXShellScriptBuildPhase section */
		293DB5CF8F8C27B78D1C0B9E /* [CP] Check Pods Manifest.lock */ = {
			isa = PBXShellScriptBuildPhase;
			buildActionMask = 2147483647;
			files = (
			);
			inputFileListPaths = (
			);
			inputPaths = (
				"${PODS_PODFILE_DIR_PATH}/Podfile.lock",
				"${PODS_ROOT}/Manifest.lock",
			);
			name = "[CP] Check Pods Manifest.lock";
			outputFileListPaths = (
			);
			outputPaths = (
				"$(DERIVED_FILE_DIR)/Pods-RandomReminder-checkManifestLockResult.txt",
			);
			runOnlyForDeploymentPostprocessing = 0;
			shellPath = /bin/sh;
			shellScript = "diff \"${PODS_PODFILE_DIR_PATH}/Podfile.lock\" \"${PODS_ROOT}/Manifest.lock\" > /dev/null\nif [ $? != 0 ] ; then\n    # print error to STDERR\n    echo \"error: The sandbox is not in sync with the Podfile.lock. Run 'pod install' or update your CocoaPods installation.\" >&2\n    exit 1\nfi\n# This output is used by Xcode 'outputs' to avoid re-running this script phase.\necho \"SUCCESS\" > \"${SCRIPT_OUTPUT_FILE_0}\"\n";
			showEnvVarsInLog = 0;
		};
		7128B343D171FE4E40CFFD11 /* [CP] Check Pods Manifest.lock */ = {
			isa = PBXShellScriptBuildPhase;
			buildActionMask = 2147483647;
			files = (
			);
			inputFileListPaths = (
			);
			inputPaths = (
				"${PODS_PODFILE_DIR_PATH}/Podfile.lock",
				"${PODS_ROOT}/Manifest.lock",
			);
			name = "[CP] Check Pods Manifest.lock";
			outputFileListPaths = (
			);
			outputPaths = (
				"$(DERIVED_FILE_DIR)/Pods-RandomReminder-RandomReminderUITests-checkManifestLockResult.txt",
			);
			runOnlyForDeploymentPostprocessing = 0;
			shellPath = /bin/sh;
			shellScript = "diff \"${PODS_PODFILE_DIR_PATH}/Podfile.lock\" \"${PODS_ROOT}/Manifest.lock\" > /dev/null\nif [ $? != 0 ] ; then\n    # print error to STDERR\n    echo \"error: The sandbox is not in sync with the Podfile.lock. Run 'pod install' or update your CocoaPods installation.\" >&2\n    exit 1\nfi\n# This output is used by Xcode 'outputs' to avoid re-running this script phase.\necho \"SUCCESS\" > \"${SCRIPT_OUTPUT_FILE_0}\"\n";
			showEnvVarsInLog = 0;
		};
		EF5BD9E056EDC433D958BE44 /* [CP] Check Pods Manifest.lock */ = {
			isa = PBXShellScriptBuildPhase;
			buildActionMask = 2147483647;
			files = (
			);
			inputFileListPaths = (
			);
			inputPaths = (
				"${PODS_PODFILE_DIR_PATH}/Podfile.lock",
				"${PODS_ROOT}/Manifest.lock",
			);
			name = "[CP] Check Pods Manifest.lock";
			outputFileListPaths = (
			);
			outputPaths = (
				"$(DERIVED_FILE_DIR)/Pods-RandomReminderTests-checkManifestLockResult.txt",
			);
			runOnlyForDeploymentPostprocessing = 0;
			shellPath = /bin/sh;
			shellScript = "diff \"${PODS_PODFILE_DIR_PATH}/Podfile.lock\" \"${PODS_ROOT}/Manifest.lock\" > /dev/null\nif [ $? != 0 ] ; then\n    # print error to STDERR\n    echo \"error: The sandbox is not in sync with the Podfile.lock. Run 'pod install' or update your CocoaPods installation.\" >&2\n    exit 1\nfi\n# This output is used by Xcode 'outputs' to avoid re-running this script phase.\necho \"SUCCESS\" > \"${SCRIPT_OUTPUT_FILE_0}\"\n";
			showEnvVarsInLog = 0;
		};
/* End PBXShellScriptBuildPhase section */

/* Begin PBXSourcesBuildPhase section */
		E445CDCE29C9209600F07ACF /* Sources */ = {
			isa = PBXSourcesBuildPhase;
			buildActionMask = 2147483647;
			files = (
				E47240EE29D4DF5A00C064D8 /* WaveLayout.swift in Sources */,
				E47240F229D55DD900C064D8 /* DimensionalButtonStyle.swift in Sources */,
				E4188BDD29D2E0C0003FB654 /* ColorSlider.swift in Sources */,
				E463FA9A29CABD5B00924D86 /* ReminderCell.swift in Sources */,
				E4188BD829D2C96E003FB654 /* DetailAdjustmentView.swift in Sources */,
				E47240F729D61F1700C064D8 /* DataManager.swift in Sources */,
				E47240FB29E6152E00C064D8 /* PaginationCoordinator.swift in Sources */,
				E463FAA429CAC00500924D86 /* DynamicToolsBackdrop.swift in Sources */,
				E445CDD829C9209600F07ACF /* ContentView.swift in Sources */,
				E48D451B29E8C7E60059DB84 /* ColorPicker.swift in Sources */,
				E463FAA629CAD2B000924D86 /* FrequencySlider.swift in Sources */,
				E47240FE29E6156B00C064D8 /* View+ext.swift in Sources */,
				E463FA9E29CABD9800924D86 /* RemindersViewModel.swift in Sources */,
				E48D451D29E8C8D60059DB84 /* UtilityBar.swift in Sources */,
				E48D452129E8C99A0059DB84 /* FrequencyEditor.swift in Sources */,
				E445CDD629C9209600F07ACF /* RandomReminderApp.swift in Sources */,
				E48D451F29E8C94D0059DB84 /* TitleEditor.swift in Sources */,
				E4188BE129D39884003FB654 /* ColorCell.swift in Sources */,
				E47240F529D61EFA00C064D8 /* ReminderModel.xcdatamodeld in Sources */,
				E4188BDF29D38B8F003FB654 /* Application.swift in Sources */,
				E4188BD629D2C815003FB654 /* Font_ext.swift in Sources */,
				E463FAA029CABEDD00924D86 /* Color_ext.swift in Sources */,
				E47240F029D5008A00C064D8 /* TimeSelector.swift in Sources */,
				E48D451929E77AF80059DB84 /* PaginationLayout.swift in Sources */,
				E4188BE529D41B81003FB654 /* EditorViewModel.swift in Sources */,
				E4188BE329D411C0003FB654 /* EmojiTextField.swift in Sources */,
				E4188BE729D41CB7003FB654 /* ContentViewModel.swift in Sources */,
				E463FA9629CABCA500924D86 /* RemindersView.swift in Sources */,
				E47240F929DF845100C064D8 /* Pagination.swift in Sources */,
				E4188BDB29D2D0FF003FB654 /* AsymmetricalRoundedRectangle.swift in Sources */,
				E463FA9829CABCAE00924D86 /* Reminder.swift in Sources */,
			);
			runOnlyForDeploymentPostprocessing = 0;
		};
		E445CDDF29C9209700F07ACF /* Sources */ = {
			isa = PBXSourcesBuildPhase;
			buildActionMask = 2147483647;
			files = (
				E445CDE829C9209700F07ACF /* RandomReminderTests.swift in Sources */,
			);
			runOnlyForDeploymentPostprocessing = 0;
		};
		E445CDE929C9209700F07ACF /* Sources */ = {
			isa = PBXSourcesBuildPhase;
			buildActionMask = 2147483647;
			files = (
				E445CDF229C9209700F07ACF /* RandomReminderUITests.swift in Sources */,
				E445CDF429C9209700F07ACF /* RandomReminderUITestsLaunchTests.swift in Sources */,
			);
			runOnlyForDeploymentPostprocessing = 0;
		};
/* End PBXSourcesBuildPhase section */

/* Begin PBXTargetDependency section */
		E445CDE529C9209700F07ACF /* PBXTargetDependency */ = {
			isa = PBXTargetDependency;
			target = E445CDD129C9209600F07ACF /* RandomReminder */;
			targetProxy = E445CDE429C9209700F07ACF /* PBXContainerItemProxy */;
		};
		E445CDEF29C9209700F07ACF /* PBXTargetDependency */ = {
			isa = PBXTargetDependency;
			target = E445CDD129C9209600F07ACF /* RandomReminder */;
			targetProxy = E445CDEE29C9209700F07ACF /* PBXContainerItemProxy */;
		};
/* End PBXTargetDependency section */

/* Begin XCBuildConfiguration section */
		E445CDF529C9209700F07ACF /* Debug */ = {
			isa = XCBuildConfiguration;
			buildSettings = {
				ALWAYS_SEARCH_USER_PATHS = NO;
				CLANG_ANALYZER_NONNULL = YES;
				CLANG_ANALYZER_NUMBER_OBJECT_CONVERSION = YES_AGGRESSIVE;
				CLANG_CXX_LANGUAGE_STANDARD = "gnu++20";
				CLANG_ENABLE_MODULES = YES;
				CLANG_ENABLE_OBJC_ARC = YES;
				CLANG_ENABLE_OBJC_WEAK = YES;
				CLANG_WARN_BLOCK_CAPTURE_AUTORELEASING = YES;
				CLANG_WARN_BOOL_CONVERSION = YES;
				CLANG_WARN_COMMA = YES;
				CLANG_WARN_CONSTANT_CONVERSION = YES;
				CLANG_WARN_DEPRECATED_OBJC_IMPLEMENTATIONS = YES;
				CLANG_WARN_DIRECT_OBJC_ISA_USAGE = YES_ERROR;
				CLANG_WARN_DOCUMENTATION_COMMENTS = YES;
				CLANG_WARN_EMPTY_BODY = YES;
				CLANG_WARN_ENUM_CONVERSION = YES;
				CLANG_WARN_INFINITE_RECURSION = YES;
				CLANG_WARN_INT_CONVERSION = YES;
				CLANG_WARN_NON_LITERAL_NULL_CONVERSION = YES;
				CLANG_WARN_OBJC_IMPLICIT_RETAIN_SELF = YES;
				CLANG_WARN_OBJC_LITERAL_CONVERSION = YES;
				CLANG_WARN_OBJC_ROOT_CLASS = YES_ERROR;
				CLANG_WARN_QUOTED_INCLUDE_IN_FRAMEWORK_HEADER = YES;
				CLANG_WARN_RANGE_LOOP_ANALYSIS = YES;
				CLANG_WARN_STRICT_PROTOTYPES = YES;
				CLANG_WARN_SUSPICIOUS_MOVE = YES;
				CLANG_WARN_UNGUARDED_AVAILABILITY = YES_AGGRESSIVE;
				CLANG_WARN_UNREACHABLE_CODE = YES;
				CLANG_WARN__DUPLICATE_METHOD_MATCH = YES;
				COPY_PHASE_STRIP = NO;
				DEBUG_INFORMATION_FORMAT = dwarf;
				ENABLE_STRICT_OBJC_MSGSEND = YES;
				ENABLE_TESTABILITY = YES;
				GCC_C_LANGUAGE_STANDARD = gnu11;
				GCC_DYNAMIC_NO_PIC = NO;
				GCC_NO_COMMON_BLOCKS = YES;
				GCC_OPTIMIZATION_LEVEL = 0;
				GCC_PREPROCESSOR_DEFINITIONS = (
					"DEBUG=1",
					"$(inherited)",
				);
				GCC_WARN_64_TO_32_BIT_CONVERSION = YES;
				GCC_WARN_ABOUT_RETURN_TYPE = YES_ERROR;
				GCC_WARN_UNDECLARED_SELECTOR = YES;
				GCC_WARN_UNINITIALIZED_AUTOS = YES_AGGRESSIVE;
				GCC_WARN_UNUSED_FUNCTION = YES;
				GCC_WARN_UNUSED_VARIABLE = YES;
				MTL_ENABLE_DEBUG_INFO = INCLUDE_SOURCE;
				MTL_FAST_MATH = YES;
				ONLY_ACTIVE_ARCH = YES;
				SWIFT_ACTIVE_COMPILATION_CONDITIONS = DEBUG;
				SWIFT_OPTIMIZATION_LEVEL = "-Onone";
			};
			name = Debug;
		};
		E445CDF629C9209700F07ACF /* Release */ = {
			isa = XCBuildConfiguration;
			buildSettings = {
				ALWAYS_SEARCH_USER_PATHS = NO;
				CLANG_ANALYZER_NONNULL = YES;
				CLANG_ANALYZER_NUMBER_OBJECT_CONVERSION = YES_AGGRESSIVE;
				CLANG_CXX_LANGUAGE_STANDARD = "gnu++20";
				CLANG_ENABLE_MODULES = YES;
				CLANG_ENABLE_OBJC_ARC = YES;
				CLANG_ENABLE_OBJC_WEAK = YES;
				CLANG_WARN_BLOCK_CAPTURE_AUTORELEASING = YES;
				CLANG_WARN_BOOL_CONVERSION = YES;
				CLANG_WARN_COMMA = YES;
				CLANG_WARN_CONSTANT_CONVERSION = YES;
				CLANG_WARN_DEPRECATED_OBJC_IMPLEMENTATIONS = YES;
				CLANG_WARN_DIRECT_OBJC_ISA_USAGE = YES_ERROR;
				CLANG_WARN_DOCUMENTATION_COMMENTS = YES;
				CLANG_WARN_EMPTY_BODY = YES;
				CLANG_WARN_ENUM_CONVERSION = YES;
				CLANG_WARN_INFINITE_RECURSION = YES;
				CLANG_WARN_INT_CONVERSION = YES;
				CLANG_WARN_NON_LITERAL_NULL_CONVERSION = YES;
				CLANG_WARN_OBJC_IMPLICIT_RETAIN_SELF = YES;
				CLANG_WARN_OBJC_LITERAL_CONVERSION = YES;
				CLANG_WARN_OBJC_ROOT_CLASS = YES_ERROR;
				CLANG_WARN_QUOTED_INCLUDE_IN_FRAMEWORK_HEADER = YES;
				CLANG_WARN_RANGE_LOOP_ANALYSIS = YES;
				CLANG_WARN_STRICT_PROTOTYPES = YES;
				CLANG_WARN_SUSPICIOUS_MOVE = YES;
				CLANG_WARN_UNGUARDED_AVAILABILITY = YES_AGGRESSIVE;
				CLANG_WARN_UNREACHABLE_CODE = YES;
				CLANG_WARN__DUPLICATE_METHOD_MATCH = YES;
				COPY_PHASE_STRIP = NO;
				DEBUG_INFORMATION_FORMAT = "dwarf-with-dsym";
				ENABLE_NS_ASSERTIONS = NO;
				ENABLE_STRICT_OBJC_MSGSEND = YES;
				GCC_C_LANGUAGE_STANDARD = gnu11;
				GCC_NO_COMMON_BLOCKS = YES;
				GCC_WARN_64_TO_32_BIT_CONVERSION = YES;
				GCC_WARN_ABOUT_RETURN_TYPE = YES_ERROR;
				GCC_WARN_UNDECLARED_SELECTOR = YES;
				GCC_WARN_UNINITIALIZED_AUTOS = YES_AGGRESSIVE;
				GCC_WARN_UNUSED_FUNCTION = YES;
				GCC_WARN_UNUSED_VARIABLE = YES;
				MTL_ENABLE_DEBUG_INFO = NO;
				MTL_FAST_MATH = YES;
				SWIFT_COMPILATION_MODE = wholemodule;
				SWIFT_OPTIMIZATION_LEVEL = "-O";
			};
			name = Release;
		};
		E445CDF829C9209700F07ACF /* Debug */ = {
			isa = XCBuildConfiguration;
			baseConfigurationReference = 9D1BF32F11FCEC960675BFA3 /* Pods-RandomReminder.debug.xcconfig */;
			buildSettings = {
				ASSETCATALOG_COMPILER_APPICON_NAME = AppIcon;
				ASSETCATALOG_COMPILER_GLOBAL_ACCENT_COLOR_NAME = AccentColor;
				CODE_SIGN_ENTITLEMENTS = RandomReminder/RandomReminder.entitlements;
				CODE_SIGN_STYLE = Automatic;
				CURRENT_PROJECT_VERSION = 1;
				DEVELOPMENT_ASSET_PATHS = "\"RandomReminder/Preview Content\"";
				DEVELOPMENT_TEAM = W9299UY4N9;
				ENABLE_HARDENED_RUNTIME = YES;
				ENABLE_PREVIEWS = YES;
				GENERATE_INFOPLIST_FILE = YES;
				"INFOPLIST_KEY_UIApplicationSceneManifest_Generation[sdk=iphoneos*]" = YES;
				"INFOPLIST_KEY_UIApplicationSceneManifest_Generation[sdk=iphonesimulator*]" = YES;
				"INFOPLIST_KEY_UIApplicationSupportsIndirectInputEvents[sdk=iphoneos*]" = YES;
				"INFOPLIST_KEY_UIApplicationSupportsIndirectInputEvents[sdk=iphonesimulator*]" = YES;
				"INFOPLIST_KEY_UILaunchScreen_Generation[sdk=iphoneos*]" = YES;
				"INFOPLIST_KEY_UILaunchScreen_Generation[sdk=iphonesimulator*]" = YES;
				"INFOPLIST_KEY_UIStatusBarStyle[sdk=iphoneos*]" = UIStatusBarStyleDefault;
				"INFOPLIST_KEY_UIStatusBarStyle[sdk=iphonesimulator*]" = UIStatusBarStyleDefault;
				INFOPLIST_KEY_UISupportedInterfaceOrientations_iPad = "UIInterfaceOrientationPortrait UIInterfaceOrientationPortraitUpsideDown UIInterfaceOrientationLandscapeLeft UIInterfaceOrientationLandscapeRight";
				INFOPLIST_KEY_UISupportedInterfaceOrientations_iPhone = "UIInterfaceOrientationPortrait UIInterfaceOrientationLandscapeLeft UIInterfaceOrientationLandscapeRight";
				IPHONEOS_DEPLOYMENT_TARGET = 16.2;
				LD_RUNPATH_SEARCH_PATHS = "@executable_path/Frameworks";
				"LD_RUNPATH_SEARCH_PATHS[sdk=macosx*]" = "@executable_path/../Frameworks";
				MACOSX_DEPLOYMENT_TARGET = 13.1;
				MARKETING_VERSION = 1.0;
				PRODUCT_BUNDLE_IDENTIFIER = carrism.RandomReminder;
				PRODUCT_NAME = "$(TARGET_NAME)";
				SDKROOT = auto;
				SUPPORTED_PLATFORMS = "iphoneos iphonesimulator macosx";
				SWIFT_EMIT_LOC_STRINGS = YES;
				SWIFT_VERSION = 5.0;
				TARGETED_DEVICE_FAMILY = "1,2";
			};
			name = Debug;
		};
		E445CDF929C9209700F07ACF /* Release */ = {
			isa = XCBuildConfiguration;
			baseConfigurationReference = 155FD71BAD19102541EAAD0F /* Pods-RandomReminder.release.xcconfig */;
			buildSettings = {
				ASSETCATALOG_COMPILER_APPICON_NAME = AppIcon;
				ASSETCATALOG_COMPILER_GLOBAL_ACCENT_COLOR_NAME = AccentColor;
				CODE_SIGN_ENTITLEMENTS = RandomReminder/RandomReminder.entitlements;
				CODE_SIGN_STYLE = Automatic;
				CURRENT_PROJECT_VERSION = 1;
				DEVELOPMENT_ASSET_PATHS = "\"RandomReminder/Preview Content\"";
				DEVELOPMENT_TEAM = W9299UY4N9;
				ENABLE_HARDENED_RUNTIME = YES;
				ENABLE_PREVIEWS = YES;
				GENERATE_INFOPLIST_FILE = YES;
				"INFOPLIST_KEY_UIApplicationSceneManifest_Generation[sdk=iphoneos*]" = YES;
				"INFOPLIST_KEY_UIApplicationSceneManifest_Generation[sdk=iphonesimulator*]" = YES;
				"INFOPLIST_KEY_UIApplicationSupportsIndirectInputEvents[sdk=iphoneos*]" = YES;
				"INFOPLIST_KEY_UIApplicationSupportsIndirectInputEvents[sdk=iphonesimulator*]" = YES;
				"INFOPLIST_KEY_UILaunchScreen_Generation[sdk=iphoneos*]" = YES;
				"INFOPLIST_KEY_UILaunchScreen_Generation[sdk=iphonesimulator*]" = YES;
				"INFOPLIST_KEY_UIStatusBarStyle[sdk=iphoneos*]" = UIStatusBarStyleDefault;
				"INFOPLIST_KEY_UIStatusBarStyle[sdk=iphonesimulator*]" = UIStatusBarStyleDefault;
				INFOPLIST_KEY_UISupportedInterfaceOrientations_iPad = "UIInterfaceOrientationPortrait UIInterfaceOrientationPortraitUpsideDown UIInterfaceOrientationLandscapeLeft UIInterfaceOrientationLandscapeRight";
				INFOPLIST_KEY_UISupportedInterfaceOrientations_iPhone = "UIInterfaceOrientationPortrait UIInterfaceOrientationLandscapeLeft UIInterfaceOrientationLandscapeRight";
				IPHONEOS_DEPLOYMENT_TARGET = 16.2;
				LD_RUNPATH_SEARCH_PATHS = "@executable_path/Frameworks";
				"LD_RUNPATH_SEARCH_PATHS[sdk=macosx*]" = "@executable_path/../Frameworks";
				MACOSX_DEPLOYMENT_TARGET = 13.1;
				MARKETING_VERSION = 1.0;
				PRODUCT_BUNDLE_IDENTIFIER = carrism.RandomReminder;
				PRODUCT_NAME = "$(TARGET_NAME)";
				SDKROOT = auto;
				SUPPORTED_PLATFORMS = "iphoneos iphonesimulator macosx";
				SWIFT_EMIT_LOC_STRINGS = YES;
				SWIFT_VERSION = 5.0;
				TARGETED_DEVICE_FAMILY = "1,2";
			};
			name = Release;
		};
		E445CDFB29C9209700F07ACF /* Debug */ = {
			isa = XCBuildConfiguration;
			baseConfigurationReference = 2064B32B63E31881CC784E4A /* Pods-RandomReminderTests.debug.xcconfig */;
			buildSettings = {
				ALWAYS_EMBED_SWIFT_STANDARD_LIBRARIES = YES;
				BUNDLE_LOADER = "$(TEST_HOST)";
				CODE_SIGN_STYLE = Automatic;
				CURRENT_PROJECT_VERSION = 1;
				DEVELOPMENT_TEAM = W9299UY4N9;
				GENERATE_INFOPLIST_FILE = YES;
				IPHONEOS_DEPLOYMENT_TARGET = 16.2;
				MACOSX_DEPLOYMENT_TARGET = 13.1;
				MARKETING_VERSION = 1.0;
				PRODUCT_BUNDLE_IDENTIFIER = carrism.RandomReminderTests;
				PRODUCT_NAME = "$(TARGET_NAME)";
				SDKROOT = auto;
				SUPPORTED_PLATFORMS = "iphoneos iphonesimulator macosx";
				SWIFT_EMIT_LOC_STRINGS = NO;
				SWIFT_VERSION = 5.0;
				TARGETED_DEVICE_FAMILY = "1,2";
				TEST_HOST = "$(BUILT_PRODUCTS_DIR)/RandomReminder.app/$(BUNDLE_EXECUTABLE_FOLDER_PATH)/RandomReminder";
			};
			name = Debug;
		};
		E445CDFC29C9209700F07ACF /* Release */ = {
			isa = XCBuildConfiguration;
			baseConfigurationReference = 8DF8E565ED892EAEBF597355 /* Pods-RandomReminderTests.release.xcconfig */;
			buildSettings = {
				ALWAYS_EMBED_SWIFT_STANDARD_LIBRARIES = YES;
				BUNDLE_LOADER = "$(TEST_HOST)";
				CODE_SIGN_STYLE = Automatic;
				CURRENT_PROJECT_VERSION = 1;
				DEVELOPMENT_TEAM = W9299UY4N9;
				GENERATE_INFOPLIST_FILE = YES;
				IPHONEOS_DEPLOYMENT_TARGET = 16.2;
				MACOSX_DEPLOYMENT_TARGET = 13.1;
				MARKETING_VERSION = 1.0;
				PRODUCT_BUNDLE_IDENTIFIER = carrism.RandomReminderTests;
				PRODUCT_NAME = "$(TARGET_NAME)";
				SDKROOT = auto;
				SUPPORTED_PLATFORMS = "iphoneos iphonesimulator macosx";
				SWIFT_EMIT_LOC_STRINGS = NO;
				SWIFT_VERSION = 5.0;
				TARGETED_DEVICE_FAMILY = "1,2";
				TEST_HOST = "$(BUILT_PRODUCTS_DIR)/RandomReminder.app/$(BUNDLE_EXECUTABLE_FOLDER_PATH)/RandomReminder";
			};
			name = Release;
		};
		E445CDFE29C9209700F07ACF /* Debug */ = {
			isa = XCBuildConfiguration;
			baseConfigurationReference = B743BAE71291D9759D767E0D /* Pods-RandomReminder-RandomReminderUITests.debug.xcconfig */;
			buildSettings = {
				ALWAYS_EMBED_SWIFT_STANDARD_LIBRARIES = YES;
				CODE_SIGN_STYLE = Automatic;
				CURRENT_PROJECT_VERSION = 1;
				DEVELOPMENT_TEAM = W9299UY4N9;
				GENERATE_INFOPLIST_FILE = YES;
				IPHONEOS_DEPLOYMENT_TARGET = 16.2;
				MACOSX_DEPLOYMENT_TARGET = 13.1;
				MARKETING_VERSION = 1.0;
				PRODUCT_BUNDLE_IDENTIFIER = carrism.RandomReminderUITests;
				PRODUCT_NAME = "$(TARGET_NAME)";
				SDKROOT = auto;
				SUPPORTED_PLATFORMS = "iphoneos iphonesimulator macosx";
				SWIFT_EMIT_LOC_STRINGS = NO;
				SWIFT_VERSION = 5.0;
				TARGETED_DEVICE_FAMILY = "1,2";
				TEST_TARGET_NAME = RandomReminder;
			};
			name = Debug;
		};
		E445CDFF29C9209700F07ACF /* Release */ = {
			isa = XCBuildConfiguration;
			baseConfigurationReference = B8C95BF3E0E1C8B4B0B60AE3 /* Pods-RandomReminder-RandomReminderUITests.release.xcconfig */;
			buildSettings = {
				ALWAYS_EMBED_SWIFT_STANDARD_LIBRARIES = YES;
				CODE_SIGN_STYLE = Automatic;
				CURRENT_PROJECT_VERSION = 1;
				DEVELOPMENT_TEAM = W9299UY4N9;
				GENERATE_INFOPLIST_FILE = YES;
				IPHONEOS_DEPLOYMENT_TARGET = 16.2;
				MACOSX_DEPLOYMENT_TARGET = 13.1;
				MARKETING_VERSION = 1.0;
				PRODUCT_BUNDLE_IDENTIFIER = carrism.RandomReminderUITests;
				PRODUCT_NAME = "$(TARGET_NAME)";
				SDKROOT = auto;
				SUPPORTED_PLATFORMS = "iphoneos iphonesimulator macosx";
				SWIFT_EMIT_LOC_STRINGS = NO;
				SWIFT_VERSION = 5.0;
				TARGETED_DEVICE_FAMILY = "1,2";
				TEST_TARGET_NAME = RandomReminder;
			};
			name = Release;
		};
/* End XCBuildConfiguration section */

/* Begin XCConfigurationList section */
		E445CDCD29C9209600F07ACF /* Build configuration list for PBXProject "RandomReminder" */ = {
			isa = XCConfigurationList;
			buildConfigurations = (
				E445CDF529C9209700F07ACF /* Debug */,
				E445CDF629C9209700F07ACF /* Release */,
			);
			defaultConfigurationIsVisible = 0;
			defaultConfigurationName = Release;
		};
		E445CDF729C9209700F07ACF /* Build configuration list for PBXNativeTarget "RandomReminder" */ = {
			isa = XCConfigurationList;
			buildConfigurations = (
				E445CDF829C9209700F07ACF /* Debug */,
				E445CDF929C9209700F07ACF /* Release */,
			);
			defaultConfigurationIsVisible = 0;
			defaultConfigurationName = Release;
		};
		E445CDFA29C9209700F07ACF /* Build configuration list for PBXNativeTarget "RandomReminderTests" */ = {
			isa = XCConfigurationList;
			buildConfigurations = (
				E445CDFB29C9209700F07ACF /* Debug */,
				E445CDFC29C9209700F07ACF /* Release */,
			);
			defaultConfigurationIsVisible = 0;
			defaultConfigurationName = Release;
		};
		E445CDFD29C9209700F07ACF /* Build configuration list for PBXNativeTarget "RandomReminderUITests" */ = {
			isa = XCConfigurationList;
			buildConfigurations = (
				E445CDFE29C9209700F07ACF /* Debug */,
				E445CDFF29C9209700F07ACF /* Release */,
			);
			defaultConfigurationIsVisible = 0;
			defaultConfigurationName = Release;
		};
/* End XCConfigurationList section */

/* Begin XCVersionGroup section */
		E47240F329D61EFA00C064D8 /* ReminderModel.xcdatamodeld */ = {
			isa = XCVersionGroup;
			children = (
				E47240F429D61EFA00C064D8 /* ReminderModel.xcdatamodel */,
			);
			currentVersion = E47240F429D61EFA00C064D8 /* ReminderModel.xcdatamodel */;
			path = ReminderModel.xcdatamodeld;
			sourceTree = "<group>";
			versionGroupType = wrapper.xcdatamodel;
		};
/* End XCVersionGroup section */
	};
	rootObject = E445CDCA29C9209600F07ACF /* Project object */;
}
